github.com/aaaton/golem/v4 v4.0.0/go.mod h1:OfK/S5v9Exsx1yO21WorREuIVV+Y5K2hygP0A9oJCCI=
github.com/aaaton/golem/v4 v4.0.1 h1:jvnnTmzdfZC8cUGIo6obIcnmB3stTaf5Uw64OMx3C84=
github.com/aaaton/golem/v4 v4.0.1/go.mod h1:OfK/S5v9Exsx1yO21WorREuIVV+Y5K2hygP0A9oJCCI=
github.com/aaaton/golem/v4/dicts/en v1.0.1 h1:/BsOsh8JTgTkuevwM9axPnAi9CD4rK7TWHNdW/6V3Uo=
github.com/aaaton/golem/v4/dicts/en v1.0.1/go.mod h1:1YKRrQNng+KbS+peA7sj3TIa8eqR6T2UqdJ+Tc9xeoA=
github.com/aaaton/golem/v4/dicts/fr v1.0.1 h1:PTcIwu5rOXDLdkrSX06hEwtYTj54KSZLzF3u6jFcPjE=
github.com/aaaton/golem/v4/dicts/fr v1.0.1/go.mod h1:Ek2g4prUAsQfNGd6b+B9Ju3XOShrMWhkDqtVd629meM=
github.com/kljensen/snowball v0.9.0 h1:OpXkQBcic6vcPG+dChOGLIA/GNuVg47tbbIJ2s7Keas=
github.com/kljensen/snowball v0.9.0/go.mod h1:OGo5gFWjaeXqCu4iIrMl5OYip9XUJHGOU5eSkPjVg2A=
golang.org/x/text v0.14.0 h1:ScX5w1eTa3QqT8oi6+ziP7dTV1S2+ALU0bI+0zXKWiQ=
golang.org/x/text v0.14.0/go.mod h1:18ZOQIKpY8NJVqYksKHtTdi31H5itFRjB5/qKTNYzSU=
